
Microsoft Visual Studio Solution File, Format Version 12.00
# Visual Studio Version 17
VisualStudioVersion = 17.5.33627.172
MinimumVisualStudioVersion = 10.0.40219.1
Project("{9A19103F-16F7-4668-BE54-9A1E7A4F7556}") = "MultiUserBank_Yost", "MultiUserBank_Yost.csproj", "{B9AD6B5D-E897-47AD-A842-50D00CC2D987}"
EndProject
Global
	GlobalSection(SolutionConfigurationPlatforms) = preSolution
		Debug|Any CPU = Debug|Any CPU
		Release|Any CPU = Release|Any CPU
	EndGlobalSection
	GlobalSection(ProjectConfigurationPlatforms) = postSolution
		{B9AD6B5D-E897-47AD-A842-50D00CC2D987}.Debug|Any CPU.ActiveCfg = Debug|Any CPU
		{B9AD6B5D-E897-47AD-A842-50D00CC2D987}.Debug|Any CPU.Build.0 = Debug|Any CPU
		{B9AD6B5D-E897-47AD-A842-50D00CC2D987}.Release|Any CPU.ActiveCfg = Release|Any CPU
		{B9AD6B5D-E897-47AD-A842-50D00CC2D987}.Release|Any CPU.Build.0 = Release|Any CPU
	EndGlobalSection
	GlobalSection(SolutionProperties) = preSolution
		HideSolutionNode = FALSE
	EndGlobalSection
	GlobalSection(ExtensibilityGlobals) = postSolution
		SolutionGuid = {A564463B-7AC5-4359-8BF1-4115F54276C6}
	EndGlobalSection
EndGlobal
